// !$*UTF8*$!
{
	archiveVersion = 1;
	classes = {
	};
	objectVersion = 50;
	objects = {

/* Begin PBXBuildFile section */
		007D582024A9EC960029A4A6 /* AppDelegate.swift in Sources */ = {isa = PBXBuildFile; fileRef = 007D581F24A9EC960029A4A6 /* AppDelegate.swift */; };
		007D582224A9EC960029A4A6 /* SceneDelegate.swift in Sources */ = {isa = PBXBuildFile; fileRef = 007D582124A9EC960029A4A6 /* SceneDelegate.swift */; };
		007D582424A9EC960029A4A6 /* ContentView.swift in Sources */ = {isa = PBXBuildFile; fileRef = 007D582324A9EC960029A4A6 /* ContentView.swift */; };
		007D582624A9EC970029A4A6 /* Assets.xcassets in Resources */ = {isa = PBXBuildFile; fileRef = 007D582524A9EC970029A4A6 /* Assets.xcassets */; };
		007D582924A9EC970029A4A6 /* Preview Assets.xcassets in Resources */ = {isa = PBXBuildFile; fileRef = 007D582824A9EC970029A4A6 /* Preview Assets.xcassets */; };
		007D582C24A9EC970029A4A6 /* LaunchScreen.storyboard in Resources */ = {isa = PBXBuildFile; fileRef = 007D582A24A9EC970029A4A6 /* LaunchScreen.storyboard */; };
		007D584924A9FC570029A4A6 /* sample_bitrise_expose_for_pr_tests.swift in Sources */ = {isa = PBXBuildFile; fileRef = 007D584824A9FC570029A4A6 /* sample_bitrise_expose_for_pr_tests.swift */; };
/* End PBXBuildFile section */

/* Begin PBXContainerItemProxy section */
		007D584B24A9FC570029A4A6 /* PBXContainerItemProxy */ = {
			isa = PBXContainerItemProxy;
			containerPortal = 007D581424A9EC960029A4A6 /* Project object */;
			proxyType = 1;
			remoteGlobalIDString = 007D581B24A9EC960029A4A6;
			remoteInfo = "sample-bitrise-expose-for-pr";
		};
/* End PBXContainerItemProxy section */

/* Begin PBXFileReference section */
		007D581C24A9EC960029A4A6 /* sample-bitrise-expose-for-pr.app */ = {isa = PBXFileReference; explicitFileType = wrapper.application; includeInIndex = 0; path = "sample-bitrise-expose-for-pr.app"; sourceTree = BUILT_PRODUCTS_DIR; };
		007D581F24A9EC960029A4A6 /* AppDelegate.swift */ = {isa = PBXFileReference; lastKnownFileType = sourcecode.swift; path = AppDelegate.swift; sourceTree = "<group>"; };
		007D582124A9EC960029A4A6 /* SceneDelegate.swift */ = {isa = PBXFileReference; lastKnownFileType = sourcecode.swift; path = SceneDelegate.swift; sourceTree = "<group>"; };
		007D582324A9EC960029A4A6 /* ContentView.swift */ = {isa = PBXFileReference; lastKnownFileType = sourcecode.swift; path = ContentView.swift; sourceTree = "<group>"; };
		007D582524A9EC970029A4A6 /* Assets.xcassets */ = {isa = PBXFileReference; lastKnownFileType = folder.assetcatalog; path = Assets.xcassets; sourceTree = "<group>"; };
		007D582824A9EC970029A4A6 /* Preview Assets.xcassets */ = {isa = PBXFileReference; lastKnownFileType = folder.assetcatalog; path = "Preview Assets.xcassets"; sourceTree = "<group>"; };
		007D582B24A9EC970029A4A6 /* Base */ = {isa = PBXFileReference; lastKnownFileType = file.storyboard; name = Base; path = Base.lproj/LaunchScreen.storyboard; sourceTree = "<group>"; };
		007D582D24A9EC970029A4A6 /* Info.plist */ = {isa = PBXFileReference; lastKnownFileType = text.plist.xml; path = Info.plist; sourceTree = "<group>"; };
		007D584624A9FC570029A4A6 /* sample-bitrise-expose-for-pr-tests.xctest */ = {isa = PBXFileReference; explicitFileType = wrapper.cfbundle; includeInIndex = 0; path = "sample-bitrise-expose-for-pr-tests.xctest"; sourceTree = BUILT_PRODUCTS_DIR; };
		007D584824A9FC570029A4A6 /* sample_bitrise_expose_for_pr_tests.swift */ = {isa = PBXFileReference; lastKnownFileType = sourcecode.swift; path = sample_bitrise_expose_for_pr_tests.swift; sourceTree = "<group>"; };
		007D584A24A9FC570029A4A6 /* Info.plist */ = {isa = PBXFileReference; lastKnownFileType = text.plist.xml; path = Info.plist; sourceTree = "<group>"; };
/* End PBXFileReference section */

/* Begin PBXFrameworksBuildPhase section */
		007D581924A9EC960029A4A6 /* Frameworks */ = {
			isa = PBXFrameworksBuildPhase;
			buildActionMask = 2147483647;
			files = (
			);
			runOnlyForDeploymentPostprocessing = 0;
		};
		007D584324A9FC570029A4A6 /* Frameworks */ = {
			isa = PBXFrameworksBuildPhase;
			buildActionMask = 2147483647;
			files = (
			);
			runOnlyForDeploymentPostprocessing = 0;
		};
/* End PBXFrameworksBuildPhase section */

/* Begin PBXGroup section */
		007D581324A9EC960029A4A6 = {
			isa = PBXGroup;
			children = (
				007D581E24A9EC960029A4A6 /* sample-bitrise-expose-for-pr */,
				007D584724A9FC570029A4A6 /* sample-bitrise-expose-for-pr-tests */,
				007D581D24A9EC960029A4A6 /* Products */,
			);
			sourceTree = "<group>";
		};
		007D581D24A9EC960029A4A6 /* Products */ = {
			isa = PBXGroup;
			children = (
				007D581C24A9EC960029A4A6 /* sample-bitrise-expose-for-pr.app */,
				007D584624A9FC570029A4A6 /* sample-bitrise-expose-for-pr-tests.xctest */,
			);
			name = Products;
			sourceTree = "<group>";
		};
		007D581E24A9EC960029A4A6 /* sample-bitrise-expose-for-pr */ = {
			isa = PBXGroup;
			children = (
				007D581F24A9EC960029A4A6 /* AppDelegate.swift */,
				007D582124A9EC960029A4A6 /* SceneDelegate.swift */,
				007D582324A9EC960029A4A6 /* ContentView.swift */,
				007D582524A9EC970029A4A6 /* Assets.xcassets */,
				007D582A24A9EC970029A4A6 /* LaunchScreen.storyboard */,
				007D582D24A9EC970029A4A6 /* Info.plist */,
				007D582724A9EC970029A4A6 /* Preview Content */,
			);
			path = "sample-bitrise-expose-for-pr";
			sourceTree = "<group>";
		};
		007D582724A9EC970029A4A6 /* Preview Content */ = {
			isa = PBXGroup;
			children = (
				007D582824A9EC970029A4A6 /* Preview Assets.xcassets */,
			);
			path = "Preview Content";
			sourceTree = "<group>";
		};
		007D584724A9FC570029A4A6 /* sample-bitrise-expose-for-pr-tests */ = {
			isa = PBXGroup;
			children = (
				007D584824A9FC570029A4A6 /* sample_bitrise_expose_for_pr_tests.swift */,
				007D584A24A9FC570029A4A6 /* Info.plist */,
			);
			path = "sample-bitrise-expose-for-pr-tests";
			sourceTree = "<group>";
		};
/* End PBXGroup section */

/* Begin PBXNativeTarget section */
		007D581B24A9EC960029A4A6 /* sample-bitrise-expose-for-pr */ = {
			isa = PBXNativeTarget;
			buildConfigurationList = 007D583024A9EC970029A4A6 /* Build configuration list for PBXNativeTarget "sample-bitrise-expose-for-pr" */;
			buildPhases = (
				007D581824A9EC960029A4A6 /* Sources */,
				007D581924A9EC960029A4A6 /* Frameworks */,
				007D581A24A9EC960029A4A6 /* Resources */,
			);
			buildRules = (
			);
			dependencies = (
			);
			name = "sample-bitrise-expose-for-pr";
			productName = "sample-bitrise-expose-for-pr";
			productReference = 007D581C24A9EC960029A4A6 /* sample-bitrise-expose-for-pr.app */;
			productType = "com.apple.product-type.application";
		};
		007D584524A9FC570029A4A6 /* sample-bitrise-expose-for-pr-tests */ = {
			isa = PBXNativeTarget;
			buildConfigurationList = 007D584F24A9FC570029A4A6 /* Build configuration list for PBXNativeTarget "sample-bitrise-expose-for-pr-tests" */;
			buildPhases = (
				007D584224A9FC570029A4A6 /* Sources */,
				007D584324A9FC570029A4A6 /* Frameworks */,
				007D584424A9FC570029A4A6 /* Resources */,
			);
			buildRules = (
			);
			dependencies = (
				007D584C24A9FC570029A4A6 /* PBXTargetDependency */,
			);
			name = "sample-bitrise-expose-for-pr-tests";
			productName = "sample-bitrise-expose-for-pr-tests";
			productReference = 007D584624A9FC570029A4A6 /* sample-bitrise-expose-for-pr-tests.xctest */;
			productType = "com.apple.product-type.bundle.unit-test";
		};
/* End PBXNativeTarget section */

/* Begin PBXProject section */
		007D581424A9EC960029A4A6 /* Project object */ = {
			isa = PBXProject;
			attributes = {
				LastSwiftUpdateCheck = 1150;
				LastUpgradeCheck = 1150;
				ORGANIZATIONNAME = satoshin;
				TargetAttributes = {
					007D581B24A9EC960029A4A6 = {
						CreatedOnToolsVersion = 11.5;
					};
					007D584524A9FC570029A4A6 = {
						CreatedOnToolsVersion = 11.5;
						TestTargetID = 007D581B24A9EC960029A4A6;
					};
				};
			};
			buildConfigurationList = 007D581724A9EC960029A4A6 /* Build configuration list for PBXProject "sample-bitrise-expose-for-pr" */;
			compatibilityVersion = "Xcode 9.3";
			developmentRegion = en;
			hasScannedForEncodings = 0;
			knownRegions = (
				en,
				Base,
			);
			mainGroup = 007D581324A9EC960029A4A6;
			productRefGroup = 007D581D24A9EC960029A4A6 /* Products */;
			projectDirPath = "";
			projectRoot = "";
			targets = (
				007D581B24A9EC960029A4A6 /* sample-bitrise-expose-for-pr */,
				007D584524A9FC570029A4A6 /* sample-bitrise-expose-for-pr-tests */,
			);
		};
/* End PBXProject section */

/* Begin PBXResourcesBuildPhase section */
		007D581A24A9EC960029A4A6 /* Resources */ = {
			isa = PBXResourcesBuildPhase;
			buildActionMask = 2147483647;
			files = (
				007D582C24A9EC970029A4A6 /* LaunchScreen.storyboard in Resources */,
				007D582924A9EC970029A4A6 /* Preview Assets.xcassets in Resources */,
				007D582624A9EC970029A4A6 /* Assets.xcassets in Resources */,
			);
			runOnlyForDeploymentPostprocessing = 0;
		};
		007D584424A9FC570029A4A6 /* Resources */ = {
			isa = PBXResourcesBuildPhase;
			buildActionMask = 2147483647;
			files = (
			);
			runOnlyForDeploymentPostprocessing = 0;
		};
/* End PBXResourcesBuildPhase section */

/* Begin PBXSourcesBuildPhase section */
		007D581824A9EC960029A4A6 /* Sources */ = {
			isa = PBXSourcesBuildPhase;
			buildActionMask = 2147483647;
			files = (
				007D582024A9EC960029A4A6 /* AppDelegate.swift in Sources */,
				007D582224A9EC960029A4A6 /* SceneDelegate.swift in Sources */,
				007D582424A9EC960029A4A6 /* ContentView.swift in Sources */,
			);
			runOnlyForDeploymentPostprocessing = 0;
		};
		007D584224A9FC570029A4A6 /* Sources */ = {
			isa = PBXSourcesBuildPhase;
			buildActionMask = 2147483647;
			files = (
				007D584924A9FC570029A4A6 /* sample_bitrise_expose_for_pr_tests.swift in Sources */,
			);
			runOnlyForDeploymentPostprocessing = 0;
		};
/* End PBXSourcesBuildPhase section */

/* Begin PBXTargetDependency section */
		007D584C24A9FC570029A4A6 /* PBXTargetDependency */ = {
			isa = PBXTargetDependency;
			target = 007D581B24A9EC960029A4A6 /* sample-bitrise-expose-for-pr */;
			targetProxy = 007D584B24A9FC570029A4A6 /* PBXContainerItemProxy */;
		};
/* End PBXTargetDependency section */

/* Begin PBXVariantGroup section */
		007D582A24A9EC970029A4A6 /* LaunchScreen.storyboard */ = {
			isa = PBXVariantGroup;
			children = (
				007D582B24A9EC970029A4A6 /* Base */,
			);
			name = LaunchScreen.storyboard;
			sourceTree = "<group>";
		};
/* End PBXVariantGroup section */

/* Begin XCBuildConfiguration section */
		007D582E24A9EC970029A4A6 /* Debug */ = {
			isa = XCBuildConfiguration;
			buildSettings = {
				ALWAYS_SEARCH_USER_PATHS = NO;
				CLANG_ANALYZER_NONNULL = YES;
				CLANG_ANALYZER_NUMBER_OBJECT_CONVERSION = YES_AGGRESSIVE;
				CLANG_CXX_LANGUAGE_STANDARD = "gnu++14";
				CLANG_CXX_LIBRARY = "libc++";
				CLANG_ENABLE_MODULES = YES;
				CLANG_ENABLE_OBJC_ARC = YES;
				CLANG_ENABLE_OBJC_WEAK = YES;
				CLANG_WARN_BLOCK_CAPTURE_AUTORELEASING = YES;
				CLANG_WARN_BOOL_CONVERSION = YES;
				CLANG_WARN_COMMA = YES;
				CLANG_WARN_CONSTANT_CONVERSION = YES;
				CLANG_WARN_DEPRECATED_OBJC_IMPLEMENTATIONS = YES;
				CLANG_WARN_DIRECT_OBJC_ISA_USAGE = YES_ERROR;
				CLANG_WARN_DOCUMENTATION_COMMENTS = YES;
				CLANG_WARN_EMPTY_BODY = YES;
				CLANG_WARN_ENUM_CONVERSION = YES;
				CLANG_WARN_INFINITE_RECURSION = YES;
				CLANG_WARN_INT_CONVERSION = YES;
				CLANG_WARN_NON_LITERAL_NULL_CONVERSION = YES;
				CLANG_WARN_OBJC_IMPLICIT_RETAIN_SELF = YES;
				CLANG_WARN_OBJC_LITERAL_CONVERSION = YES;
				CLANG_WARN_OBJC_ROOT_CLASS = YES_ERROR;
				CLANG_WARN_RANGE_LOOP_ANALYSIS = YES;
				CLANG_WARN_STRICT_PROTOTYPES = YES;
				CLANG_WARN_SUSPICIOUS_MOVE = YES;
				CLANG_WARN_UNGUARDED_AVAILABILITY = YES_AGGRESSIVE;
				CLANG_WARN_UNREACHABLE_CODE = YES;
				CLANG_WARN__DUPLICATE_METHOD_MATCH = YES;
				COPY_PHASE_STRIP = NO;
				DEBUG_INFORMATION_FORMAT = dwarf;
				ENABLE_STRICT_OBJC_MSGSEND = YES;
				ENABLE_TESTABILITY = YES;
				GCC_C_LANGUAGE_STANDARD = gnu11;
				GCC_DYNAMIC_NO_PIC = NO;
				GCC_NO_COMMON_BLOCKS = YES;
				GCC_OPTIMIZATION_LEVEL = 0;
				GCC_PREPROCESSOR_DEFINITIONS = (
					"DEBUG=1",
					"$(inherited)",
				);
				GCC_WARN_64_TO_32_BIT_CONVERSION = YES;
				GCC_WARN_ABOUT_RETURN_TYPE = YES_ERROR;
				GCC_WARN_UNDECLARED_SELECTOR = YES;
				GCC_WARN_UNINITIALIZED_AUTOS = YES_AGGRESSIVE;
				GCC_WARN_UNUSED_FUNCTION = YES;
				GCC_WARN_UNUSED_VARIABLE = YES;
				IPHONEOS_DEPLOYMENT_TARGET = 13.5;
				MTL_ENABLE_DEBUG_INFO = INCLUDE_SOURCE;
				MTL_FAST_MATH = YES;
				ONLY_ACTIVE_ARCH = YES;
				SDKROOT = iphoneos;
				SWIFT_ACTIVE_COMPILATION_CONDITIONS = DEBUG;
				SWIFT_OPTIMIZATION_LEVEL = "-Onone";
			};
			name = Debug;
		};
		007D582F24A9EC970029A4A6 /* Release */ = {
			isa = XCBuildConfiguration;
			buildSettings = {
				ALWAYS_SEARCH_USER_PATHS = NO;
				CLANG_ANALYZER_NONNULL = YES;
				CLANG_ANALYZER_NUMBER_OBJECT_CONVERSION = YES_AGGRESSIVE;
				CLANG_CXX_LANGUAGE_STANDARD = "gnu++14";
				CLANG_CXX_LIBRARY = "libc++";
				CLANG_ENABLE_MODULES = YES;
				CLANG_ENABLE_OBJC_ARC = YES;
				CLANG_ENABLE_OBJC_WEAK = YES;
				CLANG_WARN_BLOCK_CAPTURE_AUTORELEASING = YES;
				CLANG_WARN_BOOL_CONVERSION = YES;
				CLANG_WARN_COMMA = YES;
				CLANG_WARN_CONSTANT_CONVERSION = YES;
				CLANG_WARN_DEPRECATED_OBJC_IMPLEMENTATIONS = YES;
				CLANG_WARN_DIRECT_OBJC_ISA_USAGE = YES_ERROR;
				CLANG_WARN_DOCUMENTATION_COMMENTS = YES;
				CLANG_WARN_EMPTY_BODY = YES;
				CLANG_WARN_ENUM_CONVERSION = YES;
				CLANG_WARN_INFINITE_RECURSION = YES;
				CLANG_WARN_INT_CONVERSION = YES;
				CLANG_WARN_NON_LITERAL_NULL_CONVERSION = YES;
				CLANG_WARN_OBJC_IMPLICIT_RETAIN_SELF = YES;
				CLANG_WARN_OBJC_LITERAL_CONVERSION = YES;
				CLANG_WARN_OBJC_ROOT_CLASS = YES_ERROR;
				CLANG_WARN_RANGE_LOOP_ANALYSIS = YES;
				CLANG_WARN_STRICT_PROTOTYPES = YES;
				CLANG_WARN_SUSPICIOUS_MOVE = YES;
				CLANG_WARN_UNGUARDED_AVAILABILITY = YES_AGGRESSIVE;
				CLANG_WARN_UNREACHABLE_CODE = YES;
				CLANG_WARN__DUPLICATE_METHOD_MATCH = YES;
				COPY_PHASE_STRIP = NO;
				DEBUG_INFORMATION_FORMAT = "dwarf-with-dsym";
				ENABLE_NS_ASSERTIONS = NO;
				ENABLE_STRICT_OBJC_MSGSEND = YES;
				GCC_C_LANGUAGE_STANDARD = gnu11;
				GCC_NO_COMMON_BLOCKS = YES;
				GCC_WARN_64_TO_32_BIT_CONVERSION = YES;
				GCC_WARN_ABOUT_RETURN_TYPE = YES_ERROR;
				GCC_WARN_UNDECLARED_SELECTOR = YES;
				GCC_WARN_UNINITIALIZED_AUTOS = YES_AGGRESSIVE;
				GCC_WARN_UNUSED_FUNCTION = YES;
				GCC_WARN_UNUSED_VARIABLE = YES;
				IPHONEOS_DEPLOYMENT_TARGET = 13.5;
				MTL_ENABLE_DEBUG_INFO = NO;
				MTL_FAST_MATH = YES;
				SDKROOT = iphoneos;
				SWIFT_COMPILATION_MODE = wholemodule;
				SWIFT_OPTIMIZATION_LEVEL = "-O";
				VALIDATE_PRODUCT = YES;
			};
			name = Release;
		};
		007D583124A9EC970029A4A6 /* Debug */ = {
			isa = XCBuildConfiguration;
			buildSettings = {
				ASSETCATALOG_COMPILER_APPICON_NAME = AppIcon;
				CODE_SIGN_STYLE = Automatic;
				DEVELOPMENT_ASSET_PATHS = "\"sample-bitrise-expose-for-pr/Preview Content\"";
				DEVELOPMENT_TEAM = 47RZXJ53KF;
				ENABLE_PREVIEWS = YES;
				INFOPLIST_FILE = "sample-bitrise-expose-for-pr/Info.plist";
				LD_RUNPATH_SEARCH_PATHS = (
					"$(inherited)",
					"@executable_path/Frameworks",
				);
				PRODUCT_BUNDLE_IDENTIFIER = "jp.satoshin.sample-bitrise-expose-for-pr";
				PRODUCT_NAME = "$(TARGET_NAME)";
				SWIFT_VERSION = 5.0;
				TARGETED_DEVICE_FAMILY = "1,2";
			};
			name = Debug;
		};
		007D583224A9EC970029A4A6 /* Release */ = {
			isa = XCBuildConfiguration;
			buildSettings = {
				ASSETCATALOG_COMPILER_APPICON_NAME = AppIcon;
				CODE_SIGN_STYLE = Automatic;
				DEVELOPMENT_ASSET_PATHS = "\"sample-bitrise-expose-for-pr/Preview Content\"";
				DEVELOPMENT_TEAM = 47RZXJ53KF;
				ENABLE_PREVIEWS = YES;
				INFOPLIST_FILE = "sample-bitrise-expose-for-pr/Info.plist";
				LD_RUNPATH_SEARCH_PATHS = (
					"$(inherited)",
					"@executable_path/Frameworks",
				);
				PRODUCT_BUNDLE_IDENTIFIER = "jp.satoshin.sample-bitrise-expose-for-pr";
				PRODUCT_NAME = "$(TARGET_NAME)";
				SWIFT_VERSION = 5.0;
				TARGETED_DEVICE_FAMILY = "1,2";
			};
			name = Release;
		};
		007D584D24A9FC570029A4A6 /* Debug */ = {
			isa = XCBuildConfiguration;
			buildSettings = {
				BUNDLE_LOADER = "$(TEST_HOST)";
				CODE_SIGN_STYLE = Automatic;
				DEVELOPMENT_TEAM = 47RZXJ53KF;
				INFOPLIST_FILE = "sample-bitrise-expose-for-pr-tests/Info.plist";
				LD_RUNPATH_SEARCH_PATHS = (
					"$(inherited)",
					"@executable_path/Frameworks",
					"@loader_path/Frameworks",
				);
				PRODUCT_BUNDLE_IDENTIFIER = "jp.satoshin.sample-bitrise-expose-for-pr-tests";
				PRODUCT_NAME = "$(TARGET_NAME)";
				SWIFT_VERSION = 5.0;
				TARGETED_DEVICE_FAMILY = "1,2";
				TEST_HOST = "$(BUILT_PRODUCTS_DIR)/sample-bitrise-expose-for-pr.app/sample-bitrise-expose-for-pr";
			};
			name = Debug;
		};
		007D584E24A9FC570029A4A6 /* Release */ = {
			isa = XCBuildConfiguration;
			buildSettings = {
				BUNDLE_LOADER = "$(TEST_HOST)";
				CODE_SIGN_STYLE = Automatic;
				DEVELOPMENT_TEAM = 47RZXJ53KF;
				INFOPLIST_FILE = "sample-bitrise-expose-for-pr-tests/Info.plist";
				LD_RUNPATH_SEARCH_PATHS = (
					"$(inherited)",
					"@executable_path/Frameworks",
					"@loader_path/Frameworks",
				);
				PRODUCT_BUNDLE_IDENTIFIER = "jp.satoshin.sample-bitrise-expose-for-pr-tests";
				PRODUCT_NAME = "$(TARGET_NAME)";
				SWIFT_VERSION = 5.0;
				TARGETED_DEVICE_FAMILY = "1,2";
				TEST_HOST = "$(BUILT_PRODUCTS_DIR)/sample-bitrise-expose-for-pr.app/sample-bitrise-expose-for-pr";
			};
			name = Release;
		};
/* End XCBuildConfiguration section */

/* Begin XCConfigurationList section */
		007D581724A9EC960029A4A6 /* Build configuration list for PBXProject "sample-bitrise-expose-for-pr" */ = {
			isa = XCConfigurationList;
			buildConfigurations = (
				007D582E24A9EC970029A4A6 /* Debug */,
				007D582F24A9EC970029A4A6 /* Release */,
			);
			defaultConfigurationIsVisible = 0;
			defaultConfigurationName = Release;
		};
		007D583024A9EC970029A4A6 /* Build configuration list for PBXNativeTarget "sample-bitrise-expose-for-pr" */ = {
			isa = XCConfigurationList;
			buildConfigurations = (
				007D583124A9EC970029A4A6 /* Debug */,
				007D583224A9EC970029A4A6 /* Release */,
			);
			defaultConfigurationIsVisible = 0;
			defaultConfigurationName = Release;
		};
		007D584F24A9FC570029A4A6 /* Build configuration list for PBXNativeTarget "sample-bitrise-expose-for-pr-tests" */ = {
			isa = XCConfigurationList;
			buildConfigurations = (
				007D584D24A9FC570029A4A6 /* Debug */,
				007D584E24A9FC570029A4A6 /* Release */,
			);
			defaultConfigurationIsVisible = 0;
			defaultConfigurationName = Release;
		};
/* End XCConfigurationList section */
	};
	rootObject = 007D581424A9EC960029A4A6 /* Project object */;
}
